# THIS IS AN AUTOGENERATED FILE. DO NOT EDIT THIS FILE DIRECTLY.
# yarn lockfile v1


deepeach@^2.1.5:
  version "2.1.5"
  resolved "https://registry.yarnpkg.com/deepeach/-/deepeach-2.1.5.tgz#66d7e5d333c9115fb0df0cb1971850be2d45fa07"
  integrity sha512-kFwrftBHZKrNtqdv/UhkCYULGYX7nz/dBVpQtRYkZDT6YKE9TdpVt1M7o8C4ddBTNGTv5JMItlBihyRClt2LoQ==

foreach.js@^2.2.0:
  version "2.2.0"
  resolved "https://registry.yarnpkg.com/foreach.js/-/foreach.js-2.2.0.tgz#ed3bca69d3a3fdf354283c60c6b09081bc582f57"
  integrity sha512-rPVDQXdmJK9gGeDStLmLtD3vr2kq7UWQBNo7UkanaLKwvxicy6gXPyqIUP4LxRjAEqNyeefPpXCoQ3FWCsXzgw==
  dependencies:
    deepeach "^2.1.5"
